// !$*UTF8*$!
{
	archiveVersion = 1;
	classes = {
	};
	objectVersion = 55;
	objects = {

/* Begin PBXBuildFile section */
		26422CA12868A2FC0093EC3F /* CategoriesService.swift in Sources */ = {isa = PBXBuildFile; fileRef = 26422CA02868A2FC0093EC3F /* CategoriesService.swift */; };
		26422CA42868A3CD0093EC3F /* Category.swift in Sources */ = {isa = PBXBuildFile; fileRef = 26422CA32868A3CD0093EC3F /* Category.swift */; };
		26422CA72868AD020093EC3F /* QuestionViewController.swift in Sources */ = {isa = PBXBuildFile; fileRef = 26422CA52868AD020093EC3F /* QuestionViewController.swift */; };
		26422CA82868AD020093EC3F /* QuestionViewController.xib in Resources */ = {isa = PBXBuildFile; fileRef = 26422CA62868AD020093EC3F /* QuestionViewController.xib */; };
		26422CAA2868C6710093EC3F /* QuestionService.swift in Sources */ = {isa = PBXBuildFile; fileRef = 26422CA92868C6710093EC3F /* QuestionService.swift */; };
		26422CAC2868C6A60093EC3F /* Question.swift in Sources */ = {isa = PBXBuildFile; fileRef = 26422CAB2868C6A60093EC3F /* Question.swift */; };
		26422CAE2868F96B0093EC3F /* TabBarController.swift in Sources */ = {isa = PBXBuildFile; fileRef = 26422CAD2868F96B0093EC3F /* TabBarController.swift */; };
		2662E67B2867BEE9008787CB /* AppDelegate.swift in Sources */ = {isa = PBXBuildFile; fileRef = 2662E67A2867BEE9008787CB /* AppDelegate.swift */; };
		2662E67D2867BEE9008787CB /* SceneDelegate.swift in Sources */ = {isa = PBXBuildFile; fileRef = 2662E67C2867BEE9008787CB /* SceneDelegate.swift */; };
		2662E6842867BEEB008787CB /* Assets.xcassets in Resources */ = {isa = PBXBuildFile; fileRef = 2662E6832867BEEB008787CB /* Assets.xcassets */; };
		2662E6872867BEEB008787CB /* LaunchScreen.storyboard in Resources */ = {isa = PBXBuildFile; fileRef = 2662E6852867BEEB008787CB /* LaunchScreen.storyboard */; };
		2662E6902867BF49008787CB /* InitialViewController.swift in Sources */ = {isa = PBXBuildFile; fileRef = 2662E68E2867BF49008787CB /* InitialViewController.swift */; };
		2662E6912867BF49008787CB /* InitialViewController.xib in Resources */ = {isa = PBXBuildFile; fileRef = 2662E68F2867BF49008787CB /* InitialViewController.xib */; };
		2662E6942867C128008787CB /* InformationViewController.swift in Sources */ = {isa = PBXBuildFile; fileRef = 2662E6922867C128008787CB /* InformationViewController.swift */; };
		2662E6952867C128008787CB /* InformationViewController.xib in Resources */ = {isa = PBXBuildFile; fileRef = 2662E6932867C128008787CB /* InformationViewController.xib */; };
		2662E69E2867CD74008787CB /* CategoriesViewController.swift in Sources */ = {isa = PBXBuildFile; fileRef = 2662E69C2867CD74008787CB /* CategoriesViewController.swift */; };
		2662E69F2867CD74008787CB /* CategoriesViewController.xib in Resources */ = {isa = PBXBuildFile; fileRef = 2662E69D2867CD74008787CB /* CategoriesViewController.xib */; };
		F139804D1B1DFBD84705BBA5 /* Pods_Trivia.framework in Frameworks */ = {isa = PBXBuildFile; fileRef = 622F5A5B884104C59E99D219 /* Pods_Trivia.framework */; };
/* End PBXBuildFile section */

/* Begin PBXFileReference section */
		26422CA02868A2FC0093EC3F /* CategoriesService.swift */ = {isa = PBXFileReference; lastKnownFileType = sourcecode.swift; path = CategoriesService.swift; sourceTree = "<group>"; };
		26422CA32868A3CD0093EC3F /* Category.swift */ = {isa = PBXFileReference; lastKnownFileType = sourcecode.swift; path = Category.swift; sourceTree = "<group>"; };
		26422CA52868AD020093EC3F /* QuestionViewController.swift */ = {isa = PBXFileReference; lastKnownFileType = sourcecode.swift; path = QuestionViewController.swift; sourceTree = "<group>"; };
		26422CA62868AD020093EC3F /* QuestionViewController.xib */ = {isa = PBXFileReference; lastKnownFileType = file.xib; path = QuestionViewController.xib; sourceTree = "<group>"; };
		26422CA92868C6710093EC3F /* QuestionService.swift */ = {isa = PBXFileReference; lastKnownFileType = sourcecode.swift; path = QuestionService.swift; sourceTree = "<group>"; };
		26422CAB2868C6A60093EC3F /* Question.swift */ = {isa = PBXFileReference; lastKnownFileType = sourcecode.swift; path = Question.swift; sourceTree = "<group>"; };
		26422CAD2868F96B0093EC3F /* TabBarController.swift */ = {isa = PBXFileReference; lastKnownFileType = sourcecode.swift; path = TabBarController.swift; sourceTree = "<group>"; };
		2662E6772867BEE9008787CB /* Trivia.app */ = {isa = PBXFileReference; explicitFileType = wrapper.application; includeInIndex = 0; path = Trivia.app; sourceTree = BUILT_PRODUCTS_DIR; };
		2662E67A2867BEE9008787CB /* AppDelegate.swift */ = {isa = PBXFileReference; lastKnownFileType = sourcecode.swift; path = AppDelegate.swift; sourceTree = "<group>"; };
		2662E67C2867BEE9008787CB /* SceneDelegate.swift */ = {isa = PBXFileReference; lastKnownFileType = sourcecode.swift; path = SceneDelegate.swift; sourceTree = "<group>"; };
		2662E6832867BEEB008787CB /* Assets.xcassets */ = {isa = PBXFileReference; lastKnownFileType = folder.assetcatalog; path = Assets.xcassets; sourceTree = "<group>"; };
		2662E6862867BEEB008787CB /* Base */ = {isa = PBXFileReference; lastKnownFileType = file.storyboard; name = Base; path = Base.lproj/LaunchScreen.storyboard; sourceTree = "<group>"; };
		2662E6882867BEEB008787CB /* Info.plist */ = {isa = PBXFileReference; lastKnownFileType = text.plist.xml; path = Info.plist; sourceTree = "<group>"; };
		2662E68E2867BF49008787CB /* InitialViewController.swift */ = {isa = PBXFileReference; lastKnownFileType = sourcecode.swift; path = InitialViewController.swift; sourceTree = "<group>"; };
		2662E68F2867BF49008787CB /* InitialViewController.xib */ = {isa = PBXFileReference; lastKnownFileType = file.xib; path = InitialViewController.xib; sourceTree = "<group>"; };
		2662E6922867C128008787CB /* InformationViewController.swift */ = {isa = PBXFileReference; lastKnownFileType = sourcecode.swift; path = InformationViewController.swift; sourceTree = "<group>"; };
		2662E6932867C128008787CB /* InformationViewController.xib */ = {isa = PBXFileReference; lastKnownFileType = file.xib; path = InformationViewController.xib; sourceTree = "<group>"; };
		2662E69C2867CD74008787CB /* CategoriesViewController.swift */ = {isa = PBXFileReference; lastKnownFileType = sourcecode.swift; path = CategoriesViewController.swift; sourceTree = "<group>"; };
		2662E69D2867CD74008787CB /* CategoriesViewController.xib */ = {isa = PBXFileReference; lastKnownFileType = file.xib; path = CategoriesViewController.xib; sourceTree = "<group>"; };
		3E96C8A772234367AFF3D1B8 /* Pods-Trivia.release.xcconfig */ = {isa = PBXFileReference; includeInIndex = 1; lastKnownFileType = text.xcconfig; name = "Pods-Trivia.release.xcconfig"; path = "Target Support Files/Pods-Trivia/Pods-Trivia.release.xcconfig"; sourceTree = "<group>"; };
		622F5A5B884104C59E99D219 /* Pods_Trivia.framework */ = {isa = PBXFileReference; explicitFileType = wrapper.framework; includeInIndex = 0; path = Pods_Trivia.framework; sourceTree = BUILT_PRODUCTS_DIR; };
		A05E577A04FF2364E72C6921 /* Pods-Trivia.debug.xcconfig */ = {isa = PBXFileReference; includeInIndex = 1; lastKnownFileType = text.xcconfig; name = "Pods-Trivia.debug.xcconfig"; path = "Target Support Files/Pods-Trivia/Pods-Trivia.debug.xcconfig"; sourceTree = "<group>"; };
/* End PBXFileReference section */

/* Begin PBXFrameworksBuildPhase section */
		2662E6742867BEE9008787CB /* Frameworks */ = {
			isa = PBXFrameworksBuildPhase;
			buildActionMask = 2147483647;
			files = (
				F139804D1B1DFBD84705BBA5 /* Pods_Trivia.framework in Frameworks */,
			);
			runOnlyForDeploymentPostprocessing = 0;
		};
/* End PBXFrameworksBuildPhase section */

/* Begin PBXGroup section */
		1D06F6187B12644247DA780F /* Frameworks */ = {
			isa = PBXGroup;
			children = (
				622F5A5B884104C59E99D219 /* Pods_Trivia.framework */,
			);
			name = Frameworks;
			sourceTree = "<group>";
		};
		26422C9F2868A2E50093EC3F /* Services */ = {
			isa = PBXGroup;
			children = (
				26422CA02868A2FC0093EC3F /* CategoriesService.swift */,
				26422CA92868C6710093EC3F /* QuestionService.swift */,
			);
			path = Services;
			sourceTree = "<group>";
		};
		26422CA22868A3BA0093EC3F /* Model */ = {
			isa = PBXGroup;
			children = (
				26422CA32868A3CD0093EC3F /* Category.swift */,
				26422CAB2868C6A60093EC3F /* Question.swift */,
			);
			path = Model;
			sourceTree = "<group>";
		};
		2662E66E2867BEE9008787CB = {
			isa = PBXGroup;
			children = (
				2662E6792867BEE9008787CB /* Trivia */,
				2662E6782867BEE9008787CB /* Products */,
				3FD31B25C60C112C26C48406 /* Pods */,
				1D06F6187B12644247DA780F /* Frameworks */,
			);
			sourceTree = "<group>";
		};
		2662E6782867BEE9008787CB /* Products */ = {
			isa = PBXGroup;
			children = (
				2662E6772867BEE9008787CB /* Trivia.app */,
			);
			name = Products;
			sourceTree = "<group>";
		};
		2662E6792867BEE9008787CB /* Trivia */ = {
			isa = PBXGroup;
			children = (
				2662E67A2867BEE9008787CB /* AppDelegate.swift */,
				2662E67C2867BEE9008787CB /* SceneDelegate.swift */,
				26422C9F2868A2E50093EC3F /* Services */,
				26422CA22868A3BA0093EC3F /* Model */,
				2662E6962867C546008787CB /* View */,
				2662E6972867C780008787CB /* Controller */,
				2662E6832867BEEB008787CB /* Assets.xcassets */,
				2662E6852867BEEB008787CB /* LaunchScreen.storyboard */,
				2662E6882867BEEB008787CB /* Info.plist */,
			);
			path = Trivia;
			sourceTree = "<group>";
		};
		2662E6962867C546008787CB /* View */ = {
			isa = PBXGroup;
			children = (
				2662E68F2867BF49008787CB /* InitialViewController.xib */,
				2662E6932867C128008787CB /* InformationViewController.xib */,
				2662E69D2867CD74008787CB /* CategoriesViewController.xib */,
				26422CA62868AD020093EC3F /* QuestionViewController.xib */,
			);
			path = View;
			sourceTree = "<group>";
		};
		2662E6972867C780008787CB /* Controller */ = {
			isa = PBXGroup;
			children = (
				2662E68E2867BF49008787CB /* InitialViewController.swift */,
				2662E6922867C128008787CB /* InformationViewController.swift */,
				2662E69C2867CD74008787CB /* CategoriesViewController.swift */,
				26422CA52868AD020093EC3F /* QuestionViewController.swift */,
				26422CAD2868F96B0093EC3F /* TabBarController.swift */,
			);
			path = Controller;
			sourceTree = "<group>";
		};
		3FD31B25C60C112C26C48406 /* Pods */ = {
			isa = PBXGroup;
			children = (
				A05E577A04FF2364E72C6921 /* Pods-Trivia.debug.xcconfig */,
				3E96C8A772234367AFF3D1B8 /* Pods-Trivia.release.xcconfig */,
			);
			path = Pods;
			sourceTree = "<group>";
		};
/* End PBXGroup section */

/* Begin PBXNativeTarget section */
		2662E6762867BEE9008787CB /* Trivia */ = {
			isa = PBXNativeTarget;
			buildConfigurationList = 2662E68B2867BEEB008787CB /* Build configuration list for PBXNativeTarget "Trivia" */;
			buildPhases = (
				491F0D4F8077CA69504D52AC /* [CP] Check Pods Manifest.lock */,
				2662E6732867BEE9008787CB /* Sources */,
				2662E6742867BEE9008787CB /* Frameworks */,
				2662E6752867BEE9008787CB /* Resources */,
				83DEDE7418226887668E02B0 /* [CP] Embed Pods Frameworks */,
			);
			buildRules = (
			);
			dependencies = (
			);
			name = Trivia;
			productName = Trivia;
			productReference = 2662E6772867BEE9008787CB /* Trivia.app */;
			productType = "com.apple.product-type.application";
		};
/* End PBXNativeTarget section */

/* Begin PBXProject section */
		2662E66F2867BEE9008787CB /* Project object */ = {
			isa = PBXProject;
			attributes = {
				BuildIndependentTargetsInParallel = 1;
				LastSwiftUpdateCheck = 1340;
				LastUpgradeCheck = 1340;
				TargetAttributes = {
					2662E6762867BEE9008787CB = {
						CreatedOnToolsVersion = 13.4.1;
					};
				};
			};
			buildConfigurationList = 2662E6722867BEE9008787CB /* Build configuration list for PBXProject "Trivia" */;
			compatibilityVersion = "Xcode 13.0";
			developmentRegion = en;
			hasScannedForEncodings = 0;
			knownRegions = (
				en,
				Base,
			);
			mainGroup = 2662E66E2867BEE9008787CB;
			productRefGroup = 2662E6782867BEE9008787CB /* Products */;
			projectDirPath = "";
			projectRoot = "";
			targets = (
				2662E6762867BEE9008787CB /* Trivia */,
			);
		};
/* End PBXProject section */

/* Begin PBXResourcesBuildPhase section */
		2662E6752867BEE9008787CB /* Resources */ = {
			isa = PBXResourcesBuildPhase;
			buildActionMask = 2147483647;
			files = (
				2662E6872867BEEB008787CB /* LaunchScreen.storyboard in Resources */,
				2662E6842867BEEB008787CB /* Assets.xcassets in Resources */,
				26422CA82868AD020093EC3F /* QuestionViewController.xib in Resources */,
				2662E69F2867CD74008787CB /* CategoriesViewController.xib in Resources */,
				2662E6912867BF49008787CB /* InitialViewController.xib in Resources */,
				2662E6952867C128008787CB /* InformationViewController.xib in Resources */,
			);
			runOnlyForDeploymentPostprocessing = 0;
		};
/* End PBXResourcesBuildPhase section */

/* Begin PBXShellScriptBuildPhase section */
		491F0D4F8077CA69504D52AC /* [CP] Check Pods Manifest.lock */ = {
			isa = PBXShellScriptBuildPhase;
			buildActionMask = 2147483647;
			files = (
			);
			inputFileListPaths = (
			);
			inputPaths = (
				"${PODS_PODFILE_DIR_PATH}/Podfile.lock",
				"${PODS_ROOT}/Manifest.lock",
			);
			name = "[CP] Check Pods Manifest.lock";
			outputFileListPaths = (
			);
			outputPaths = (
				"$(DERIVED_FILE_DIR)/Pods-Trivia-checkManifestLockResult.txt",
			);
			runOnlyForDeploymentPostprocessing = 0;
			shellPath = /bin/sh;
			shellScript = "diff \"${PODS_PODFILE_DIR_PATH}/Podfile.lock\" \"${PODS_ROOT}/Manifest.lock\" > /dev/null\nif [ $? != 0 ] ; then\n    # print error to STDERR\n    echo \"error: The sandbox is not in sync with the Podfile.lock. Run 'pod install' or update your CocoaPods installation.\" >&2\n    exit 1\nfi\n# This output is used by Xcode 'outputs' to avoid re-running this script phase.\necho \"SUCCESS\" > \"${SCRIPT_OUTPUT_FILE_0}\"\n";
			showEnvVarsInLog = 0;
		};
		83DEDE7418226887668E02B0 /* [CP] Embed Pods Frameworks */ = {
			isa = PBXShellScriptBuildPhase;
			buildActionMask = 2147483647;
			files = (
			);
			inputFileListPaths = (
				"${PODS_ROOT}/Target Support Files/Pods-Trivia/Pods-Trivia-frameworks-${CONFIGURATION}-input-files.xcfilelist",
			);
			name = "[CP] Embed Pods Frameworks";
			outputFileListPaths = (
				"${PODS_ROOT}/Target Support Files/Pods-Trivia/Pods-Trivia-frameworks-${CONFIGURATION}-output-files.xcfilelist",
			);
			runOnlyForDeploymentPostprocessing = 0;
			shellPath = /bin/sh;
			shellScript = "\"${PODS_ROOT}/Target Support Files/Pods-Trivia/Pods-Trivia-frameworks.sh\"\n";
			showEnvVarsInLog = 0;
		};
/* End PBXShellScriptBuildPhase section */

/* Begin PBXSourcesBuildPhase section */
		2662E6732867BEE9008787CB /* Sources */ = {
			isa = PBXSourcesBuildPhase;
			buildActionMask = 2147483647;
			files = (
				2662E67B2867BEE9008787CB /* AppDelegate.swift in Sources */,
				2662E67D2867BEE9008787CB /* SceneDelegate.swift in Sources */,
				26422CAE2868F96B0093EC3F /* TabBarController.swift in Sources */,
				2662E6902867BF49008787CB /* InitialViewController.swift in Sources */,
				2662E6942867C128008787CB /* InformationViewController.swift in Sources */,
				2662E69E2867CD74008787CB /* CategoriesViewController.swift in Sources */,
				26422CAC2868C6A60093EC3F /* Question.swift in Sources */,
				26422CA12868A2FC0093EC3F /* CategoriesService.swift in Sources */,
				26422CAA2868C6710093EC3F /* QuestionService.swift in Sources */,
				26422CA72868AD020093EC3F /* QuestionViewController.swift in Sources */,
				26422CA42868A3CD0093EC3F /* Category.swift in Sources */,
			);
			runOnlyForDeploymentPostprocessing = 0;
		};
/* End PBXSourcesBuildPhase section */

/* Begin PBXVariantGroup section */
		2662E6852867BEEB008787CB /* LaunchScreen.storyboard */ = {
			isa = PBXVariantGroup;
			children = (
				2662E6862867BEEB008787CB /* Base */,
			);
			name = LaunchScreen.storyboard;
			sourceTree = "<group>";
		};
/* End PBXVariantGroup section */

/* Begin XCBuildConfiguration section */
		2662E6892867BEEB008787CB /* Debug */ = {
			isa = XCBuildConfiguration;
			buildSettings = {
				ALWAYS_SEARCH_USER_PATHS = NO;
				CLANG_ANALYZER_NONNULL = YES;
				CLANG_ANALYZER_NUMBER_OBJECT_CONVERSION = YES_AGGRESSIVE;
				CLANG_CXX_LANGUAGE_STANDARD = "gnu++17";
				CLANG_ENABLE_MODULES = YES;
				CLANG_ENABLE_OBJC_ARC = YES;
				CLANG_ENABLE_OBJC_WEAK = YES;
				CLANG_WARN_BLOCK_CAPTURE_AUTORELEASING = YES;
				CLANG_WARN_BOOL_CONVERSION = YES;
				CLANG_WARN_COMMA = YES;
				CLANG_WARN_CONSTANT_CONVERSION = YES;
				CLANG_WARN_DEPRECATED_OBJC_IMPLEMENTATIONS = YES;
				CLANG_WARN_DIRECT_OBJC_ISA_USAGE = YES_ERROR;
				CLANG_WARN_DOCUMENTATION_COMMENTS = YES;
				CLANG_WARN_EMPTY_BODY = YES;
				CLANG_WARN_ENUM_CONVERSION = YES;
				CLANG_WARN_INFINITE_RECURSION = YES;
				CLANG_WARN_INT_CONVERSION = YES;
				CLANG_WARN_NON_LITERAL_NULL_CONVERSION = YES;
				CLANG_WARN_OBJC_IMPLICIT_RETAIN_SELF = YES;
				CLANG_WARN_OBJC_LITERAL_CONVERSION = YES;
				CLANG_WARN_OBJC_ROOT_CLASS = YES_ERROR;
				CLANG_WARN_QUOTED_INCLUDE_IN_FRAMEWORK_HEADER = YES;
				CLANG_WARN_RANGE_LOOP_ANALYSIS = YES;
				CLANG_WARN_STRICT_PROTOTYPES = YES;
				CLANG_WARN_SUSPICIOUS_MOVE = YES;
				CLANG_WARN_UNGUARDED_AVAILABILITY = YES_AGGRESSIVE;
				CLANG_WARN_UNREACHABLE_CODE = YES;
				CLANG_WARN__DUPLICATE_METHOD_MATCH = YES;
				COPY_PHASE_STRIP = NO;
				DEBUG_INFORMATION_FORMAT = dwarf;
				ENABLE_STRICT_OBJC_MSGSEND = YES;
				ENABLE_TESTABILITY = YES;
				GCC_C_LANGUAGE_STANDARD = gnu11;
				GCC_DYNAMIC_NO_PIC = NO;
				GCC_NO_COMMON_BLOCKS = YES;
				GCC_OPTIMIZATION_LEVEL = 0;
				GCC_PREPROCESSOR_DEFINITIONS = (
					"DEBUG=1",
					"$(inherited)",
				);
				GCC_WARN_64_TO_32_BIT_CONVERSION = YES;
				GCC_WARN_ABOUT_RETURN_TYPE = YES_ERROR;
				GCC_WARN_UNDECLARED_SELECTOR = YES;
				GCC_WARN_UNINITIALIZED_AUTOS = YES_AGGRESSIVE;
				GCC_WARN_UNUSED_FUNCTION = YES;
				GCC_WARN_UNUSED_VARIABLE = YES;
				IPHONEOS_DEPLOYMENT_TARGET = 15.5;
				MTL_ENABLE_DEBUG_INFO = INCLUDE_SOURCE;
				MTL_FAST_MATH = YES;
				ONLY_ACTIVE_ARCH = YES;
				SDKROOT = iphoneos;
				SWIFT_ACTIVE_COMPILATION_CONDITIONS = DEBUG;
				SWIFT_OPTIMIZATION_LEVEL = "-Onone";
			};
			name = Debug;
		};
		2662E68A2867BEEB008787CB /* Release */ = {
			isa = XCBuildConfiguration;
			buildSettings = {
				ALWAYS_SEARCH_USER_PATHS = NO;
				CLANG_ANALYZER_NONNULL = YES;
				CLANG_ANALYZER_NUMBER_OBJECT_CONVERSION = YES_AGGRESSIVE;
				CLANG_CXX_LANGUAGE_STANDARD = "gnu++17";
				CLANG_ENABLE_MODULES = YES;
				CLANG_ENABLE_OBJC_ARC = YES;
				CLANG_ENABLE_OBJC_WEAK = YES;
				CLANG_WARN_BLOCK_CAPTURE_AUTORELEASING = YES;
				CLANG_WARN_BOOL_CONVERSION = YES;
				CLANG_WARN_COMMA = YES;
				CLANG_WARN_CONSTANT_CONVERSION = YES;
				CLANG_WARN_DEPRECATED_OBJC_IMPLEMENTATIONS = YES;
				CLANG_WARN_DIRECT_OBJC_ISA_USAGE = YES_ERROR;
				CLANG_WARN_DOCUMENTATION_COMMENTS = YES;
				CLANG_WARN_EMPTY_BODY = YES;
				CLANG_WARN_ENUM_CONVERSION = YES;
				CLANG_WARN_INFINITE_RECURSION = YES;
				CLANG_WARN_INT_CONVERSION = YES;
				CLANG_WARN_NON_LITERAL_NULL_CONVERSION = YES;
				CLANG_WARN_OBJC_IMPLICIT_RETAIN_SELF = YES;
				CLANG_WARN_OBJC_LITERAL_CONVERSION = YES;
				CLANG_WARN_OBJC_ROOT_CLASS = YES_ERROR;
				CLANG_WARN_QUOTED_INCLUDE_IN_FRAMEWORK_HEADER = YES;
				CLANG_WARN_RANGE_LOOP_ANALYSIS = YES;
				CLANG_WARN_STRICT_PROTOTYPES = YES;
				CLANG_WARN_SUSPICIOUS_MOVE = YES;
				CLANG_WARN_UNGUARDED_AVAILABILITY = YES_AGGRESSIVE;
				CLANG_WARN_UNREACHABLE_CODE = YES;
				CLANG_WARN__DUPLICATE_METHOD_MATCH = YES;
				COPY_PHASE_STRIP = NO;
				DEBUG_INFORMATION_FORMAT = "dwarf-with-dsym";
				ENABLE_NS_ASSERTIONS = NO;
				ENABLE_STRICT_OBJC_MSGSEND = YES;
				GCC_C_LANGUAGE_STANDARD = gnu11;
				GCC_NO_COMMON_BLOCKS = YES;
				GCC_WARN_64_TO_32_BIT_CONVERSION = YES;
				GCC_WARN_ABOUT_RETURN_TYPE = YES_ERROR;
				GCC_WARN_UNDECLARED_SELECTOR = YES;
				GCC_WARN_UNINITIALIZED_AUTOS = YES_AGGRESSIVE;
				GCC_WARN_UNUSED_FUNCTION = YES;
				GCC_WARN_UNUSED_VARIABLE = YES;
				IPHONEOS_DEPLOYMENT_TARGET = 15.5;
				MTL_ENABLE_DEBUG_INFO = NO;
				MTL_FAST_MATH = YES;
				SDKROOT = iphoneos;
				SWIFT_COMPILATION_MODE = wholemodule;
				SWIFT_OPTIMIZATION_LEVEL = "-O";
				VALIDATE_PRODUCT = YES;
			};
			name = Release;
		};
		2662E68C2867BEEB008787CB /* Debug */ = {
			isa = XCBuildConfiguration;
			baseConfigurationReference = A05E577A04FF2364E72C6921 /* Pods-Trivia.debug.xcconfig */;
			buildSettings = {
				ASSETCATALOG_COMPILER_APPICON_NAME = AppIcon;
				ASSETCATALOG_COMPILER_GLOBAL_ACCENT_COLOR_NAME = AccentColor;
				CODE_SIGN_STYLE = Automatic;
				CURRENT_PROJECT_VERSION = 1;
				GENERATE_INFOPLIST_FILE = YES;
				INFOPLIST_FILE = Trivia/Info.plist;
				INFOPLIST_KEY_UIApplicationSupportsIndirectInputEvents = YES;
				INFOPLIST_KEY_UILaunchStoryboardName = LaunchScreen;
				INFOPLIST_KEY_UISupportedInterfaceOrientations_iPad = "UIInterfaceOrientationPortrait UIInterfaceOrientationPortraitUpsideDown UIInterfaceOrientationLandscapeLeft UIInterfaceOrientationLandscapeRight";
				INFOPLIST_KEY_UISupportedInterfaceOrientations_iPhone = "UIInterfaceOrientationPortrait UIInterfaceOrientationLandscapeLeft UIInterfaceOrientationLandscapeRight";
				LD_RUNPATH_SEARCH_PATHS = (
					"$(inherited)",
					"@executable_path/Frameworks",
				);
				MARKETING_VERSION = 1.0;
				PRODUCT_BUNDLE_IDENTIFIER = eikiyonemura.Trivia;
				PRODUCT_NAME = "$(TARGET_NAME)";
				SWIFT_EMIT_LOC_STRINGS = YES;
				SWIFT_VERSION = 5.0;
				TARGETED_DEVICE_FAMILY = 1;
			};
			name = Debug;
		};
		2662E68D2867BEEB008787CB /* Release */ = {
			isa = XCBuildConfiguration;
			baseConfigurationReference = 3E96C8A772234367AFF3D1B8 /* Pods-Trivia.release.xcconfig */;
			buildSettings = {
				ASSETCATALOG_COMPILER_APPICON_NAME = AppIcon;
				ASSETCATALOG_COMPILER_GLOBAL_ACCENT_COLOR_NAME = AccentColor;
				CODE_SIGN_STYLE = Automatic;
				CURRENT_PROJECT_VERSION = 1;
				GENERATE_INFOPLIST_FILE = YES;
				INFOPLIST_FILE = Trivia/Info.plist;
				INFOPLIST_KEY_UIApplicationSupportsIndirectInputEvents = YES;
				INFOPLIST_KEY_UILaunchStoryboardName = LaunchScreen;
				INFOPLIST_KEY_UISupportedInterfaceOrientations_iPad = "UIInterfaceOrientationPortrait UIInterfaceOrientationPortraitUpsideDown UIInterfaceOrientationLandscapeLeft UIInterfaceOrientationLandscapeRight";
				INFOPLIST_KEY_UISupportedInterfaceOrientations_iPhone = "UIInterfaceOrientationPortrait UIInterfaceOrientationLandscapeLeft UIInterfaceOrientationLandscapeRight";
				LD_RUNPATH_SEARCH_PATHS = (
					"$(inherited)",
					"@executable_path/Frameworks",
				);
				MARKETING_VERSION = 1.0;
				PRODUCT_BUNDLE_IDENTIFIER = eikiyonemura.Trivia;
				PRODUCT_NAME = "$(TARGET_NAME)";
				SWIFT_EMIT_LOC_STRINGS = YES;
				SWIFT_VERSION = 5.0;
				TARGETED_DEVICE_FAMILY = 1;
			};
			name = Release;
		};
/* End XCBuildConfiguration section */

/* Begin XCConfigurationList section */
		2662E6722867BEE9008787CB /* Build configuration list for PBXProject "Trivia" */ = {
			isa = XCConfigurationList;
			buildConfigurations = (
				2662E6892867BEEB008787CB /* Debug */,
				2662E68A2867BEEB008787CB /* Release */,
			);
			defaultConfigurationIsVisible = 0;
			defaultConfigurationName = Release;
		};
		2662E68B2867BEEB008787CB /* Build configuration list for PBXNativeTarget "Trivia" */ = {
			isa = XCConfigurationList;
			buildConfigurations = (
				2662E68C2867BEEB008787CB /* Debug */,
				2662E68D2867BEEB008787CB /* Release */,
			);
			defaultConfigurationIsVisible = 0;
			defaultConfigurationName = Release;
		};
/* End XCConfigurationList section */
	};
	rootObject = 2662E66F2867BEE9008787CB /* Project object */;
}
